{
    "_readme": [
        "This file locks the dependencies of your project to a known state",
        "Read more about it at https://getcomposer.org/doc/01-basic-usage.md#installing-dependencies",
        "This file is @generated automatically"
    ],
    "content-hash": "c2b7f66c1f8ac652c99370d05e059054",
    "packages": [
        {
            "name": "mdnfin/mdnfinsyliusplugin",
            "version": "dev-master",
            "source": {
                "type": "git",
                "url": "https://github.com/olivermatt/Sylius.git",
                "reference": "b9d5618d1ee93fa31eaa375fa405bfbef1d39ecd"
            },
            "dist": {
                "type": "zip",
                "url": "https://api.github.com/repos/olivermatt/Sylius/zipball/b9d5618d1ee93fa31eaa375fa405bfbef1d39ecd",
                "reference": "b9d5618d1ee93fa31eaa375fa405bfbef1d39ecd",
                "shasum": ""
            },
            "require": {
                "php": ">=7.4"
            },            
            "default-branch": true,
            "type": "sylius-plugin",
            "autoload": {
                "psr-4": {
                    "Modena\\PaymentGatewayPlugin\\": "src/"
                }
            },
            "notification-url": "https://packagist.org/downloads/",
            "license": [
                "MIT"
            ],
            "description": "Modena Payments plugin for Sylius.",
            "keywords": [
                "sylius",
                "sylius-plugin"
            ],
            "support": {
                "issues": "https://github.com/olivermatt/Sylius/issues",
                "source": "https://github.com/olivermatt/Sylius/tree/master"
            },
            "time": "2022-10-18T18:32:31+00:00"
        }
    ],
    "aliases": [],
    "minimum-stability": "stable",
    "stability-flags": {
        "mdnfin/mdnfinsyliusplugin": 20,
        "friendsofsymfony/oauth-server-bundle": 20
    },
    "prefer-stable": false,
    "prefer-lowest": false,
    "platform": {
        "php": "^8.0"
    },
    "platform-dev": [],
    "plugin-api-version": "2.3.0"
}
